
Microsoft Visual Studio Solution File, Format Version 12.00
# Visual Studio Version 16
VisualStudioVersion = 16.0.29102.190
MinimumVisualStudioVersion = 10.0.40219.1
Project("{FAE04EC0-301F-11D3-BF4B-00C04F79EFBC}") = "AliseCofeemaker", "AliseCofeemaker\AliseCofeemaker.csproj", "{5F8D25D8-B878-4797-A65A-EBE273A65218}"
EndProject
Global
	GlobalSection(SolutionConfigurationPlatforms) = preSolution
		Debug|Any CPU = Debug|Any CPU
		Release|Any CPU = Release|Any CPU
	EndGlobalSection
	GlobalSection(ProjectConfigurationPlatforms) = postSolution
		{5F8D25D8-B878-4797-A65A-EBE273A65218}.Debug|Any CPU.ActiveCfg = Debug|Any CPU
		{5F8D25D8-B878-4797-A65A-EBE273A65218}.Debug|Any CPU.Build.0 = Debug|Any CPU
		{5F8D25D8-B878-4797-A65A-EBE273A65218}.Release|Any CPU.ActiveCfg = Release|Any CPU
		{5F8D25D8-B878-4797-A65A-EBE273A65218}.Release|Any CPU.Build.0 = Release|Any CPU
	EndGlobalSection
	GlobalSection(SolutionProperties) = preSolution
		HideSolutionNode = FALSE
	EndGlobalSection
	GlobalSection(ExtensibilityGlobals) = postSolution
		SolutionGuid = {556BB844-7706-4866-8623-ED641545B5CB}
	EndGlobalSection
EndGlobal
